
Microsoft Visual Studio Solution File, Format Version 12.00
# Visual Studio 15
VisualStudioVersion = 15.0.28307.168
MinimumVisualStudioVersion = 10.0.40219.1
Project("{FAE04EC0-301F-11D3-BF4B-00C04F79EFBC}") = "RestWithAspNetCore2Udemy", "RestWithAspNetCore2Udemy\RestWithAspNetCore2Udemy.csproj", "{B24D7012-E1E6-4015-A1E6-4C2310FCBCB8}"
EndProject
Global
	GlobalSection(SolutionConfigurationPlatforms) = preSolution
		Debug|Any CPU = Debug|Any CPU
		Release|Any CPU = Release|Any CPU
	EndGlobalSection
	GlobalSection(ProjectConfigurationPlatforms) = postSolution
		{B24D7012-E1E6-4015-A1E6-4C2310FCBCB8}.Debug|Any CPU.ActiveCfg = Debug|Any CPU
		{B24D7012-E1E6-4015-A1E6-4C2310FCBCB8}.Debug|Any CPU.Build.0 = Debug|Any CPU
		{B24D7012-E1E6-4015-A1E6-4C2310FCBCB8}.Release|Any CPU.ActiveCfg = Release|Any CPU
		{B24D7012-E1E6-4015-A1E6-4C2310FCBCB8}.Release|Any CPU.Build.0 = Release|Any CPU
	EndGlobalSection
	GlobalSection(SolutionProperties) = preSolution
		HideSolutionNode = FALSE
	EndGlobalSection
	GlobalSection(ExtensibilityGlobals) = postSolution
		SolutionGuid = {7440A6B7-9A01-4404-BB5E-0E535C5142C8}
	EndGlobalSection
EndGlobal
